
Microsoft Visual Studio Solution File, Format Version 12.00
# Visual Studio 15
VisualStudioVersion = 15.0.26430.16
MinimumVisualStudioVersion = 10.0.40219.1
Project("{FAE04EC0-301F-11D3-BF4B-00C04F79EFBC}") = "SearchUserFromGitHub", "SearchUserFromGitHub\SearchUserFromGitHub.csproj", "{BF6B2DFD-6DDC-459A-B271-B11C09EA1132}"
EndProject
Project("{FAE04EC0-301F-11D3-BF4B-00C04F79EFBC}") = "SearchUserFromGitHub.Tests", "SearchUserFromGitHub.Tests\SearchUserFromGitHub.Tests.csproj", "{A4679FFB-8FD3-4FE5-ABEC-E15E7CD9A9B2}"
EndProject
Project("{FAE04EC0-301F-11D3-BF4B-00C04F79EFBC}") = "SearchUserFromGitHub.Entities", "SearchUserFromGitHub.Entities\SearchUserFromGitHub.Entities.csproj", "{EFC912FE-4A84-4BD6-BD37-8CB79EAD5DEB}"
EndProject
Project("{FAE04EC0-301F-11D3-BF4B-00C04F79EFBC}") = "SearchUserFromGitHub.Services", "SearchUserFromGitHub.Services\SearchUserFromGitHub.Services.csproj", "{765A2445-17B7-41F9-8245-9F615F2508E9}"
EndProject
Global
	GlobalSection(SolutionConfigurationPlatforms) = preSolution
		Debug|Any CPU = Debug|Any CPU
		Release|Any CPU = Release|Any CPU
	EndGlobalSection
	GlobalSection(ProjectConfigurationPlatforms) = postSolution
		{BF6B2DFD-6DDC-459A-B271-B11C09EA1132}.Debug|Any CPU.ActiveCfg = Debug|Any CPU
		{BF6B2DFD-6DDC-459A-B271-B11C09EA1132}.Debug|Any CPU.Build.0 = Debug|Any CPU
		{BF6B2DFD-6DDC-459A-B271-B11C09EA1132}.Release|Any CPU.ActiveCfg = Release|Any CPU
		{BF6B2DFD-6DDC-459A-B271-B11C09EA1132}.Release|Any CPU.Build.0 = Release|Any CPU
		{A4679FFB-8FD3-4FE5-ABEC-E15E7CD9A9B2}.Debug|Any CPU.ActiveCfg = Debug|Any CPU
		{A4679FFB-8FD3-4FE5-ABEC-E15E7CD9A9B2}.Debug|Any CPU.Build.0 = Debug|Any CPU
		{A4679FFB-8FD3-4FE5-ABEC-E15E7CD9A9B2}.Release|Any CPU.ActiveCfg = Release|Any CPU
		{A4679FFB-8FD3-4FE5-ABEC-E15E7CD9A9B2}.Release|Any CPU.Build.0 = Release|Any CPU
		{EFC912FE-4A84-4BD6-BD37-8CB79EAD5DEB}.Debug|Any CPU.ActiveCfg = Debug|Any CPU
		{EFC912FE-4A84-4BD6-BD37-8CB79EAD5DEB}.Debug|Any CPU.Build.0 = Debug|Any CPU
		{EFC912FE-4A84-4BD6-BD37-8CB79EAD5DEB}.Release|Any CPU.ActiveCfg = Release|Any CPU
		{EFC912FE-4A84-4BD6-BD37-8CB79EAD5DEB}.Release|Any CPU.Build.0 = Release|Any CPU
		{765A2445-17B7-41F9-8245-9F615F2508E9}.Debug|Any CPU.ActiveCfg = Debug|Any CPU
		{765A2445-17B7-41F9-8245-9F615F2508E9}.Debug|Any CPU.Build.0 = Debug|Any CPU
		{765A2445-17B7-41F9-8245-9F615F2508E9}.Release|Any CPU.ActiveCfg = Release|Any CPU
		{765A2445-17B7-41F9-8245-9F615F2508E9}.Release|Any CPU.Build.0 = Release|Any CPU
	EndGlobalSection
	GlobalSection(SolutionProperties) = preSolution
		HideSolutionNode = FALSE
	EndGlobalSection
EndGlobal
